
Microsoft Visual Studio Solution File, Format Version 12.00
Project("{FAE04EC0-301F-11D3-BF4B-00C04F79EFBC}") = "ACB.II", "ACB.II\ACB.II.csproj", "{C4B0EF22-D75B-41AC-B7CB-DC2F8EC096CC}"
EndProject
Global
	GlobalSection(SolutionConfigurationPlatforms) = preSolution
		Debug|Any CPU = Debug|Any CPU
		Release|Any CPU = Release|Any CPU
	EndGlobalSection
	GlobalSection(ProjectConfigurationPlatforms) = postSolution
		{C4B0EF22-D75B-41AC-B7CB-DC2F8EC096CC}.Debug|Any CPU.ActiveCfg = Debug|Any CPU
		{C4B0EF22-D75B-41AC-B7CB-DC2F8EC096CC}.Debug|Any CPU.Build.0 = Debug|Any CPU
		{C4B0EF22-D75B-41AC-B7CB-DC2F8EC096CC}.Release|Any CPU.ActiveCfg = Release|Any CPU
		{C4B0EF22-D75B-41AC-B7CB-DC2F8EC096CC}.Release|Any CPU.Build.0 = Release|Any CPU
	EndGlobalSection
EndGlobal
